
Microsoft Visual Studio Solution File, Format Version 12.00
# Visual Studio Version 17
VisualStudioVersion = 17.12.35707.178 d17.12
MinimumVisualStudioVersion = 10.0.40219.1
Project("{FAE04EC0-301F-11D3-BF4B-00C04F79EFBC}") = "BookingAdventure.Server", "BookingAdventure.Server\BookingAdventure.Server.csproj", "{4BDC8024-0A53-4E7F-A5A0-8DF128348601}"
EndProject
Project("{54A90642-561A-4BB1-A94E-469ADEE60C69}") = "bookingadventure.client", "bookingadventure.client\bookingadventure.client.esproj", "{86BF7BEA-6DC3-4A50-8EC5-35F901CB0BF8}"
EndProject
Global
	GlobalSection(SolutionConfigurationPlatforms) = preSolution
		Debug|Any CPU = Debug|Any CPU
		Release|Any CPU = Release|Any CPU
	EndGlobalSection
	GlobalSection(ProjectConfigurationPlatforms) = postSolution
		{4BDC8024-0A53-4E7F-A5A0-8DF128348601}.Debug|Any CPU.ActiveCfg = Debug|Any CPU
		{4BDC8024-0A53-4E7F-A5A0-8DF128348601}.Debug|Any CPU.Build.0 = Debug|Any CPU
		{4BDC8024-0A53-4E7F-A5A0-8DF128348601}.Release|Any CPU.ActiveCfg = Release|Any CPU
		{4BDC8024-0A53-4E7F-A5A0-8DF128348601}.Release|Any CPU.Build.0 = Release|Any CPU
		{86BF7BEA-6DC3-4A50-8EC5-35F901CB0BF8}.Debug|Any CPU.ActiveCfg = Debug|Any CPU
		{86BF7BEA-6DC3-4A50-8EC5-35F901CB0BF8}.Debug|Any CPU.Build.0 = Debug|Any CPU
		{86BF7BEA-6DC3-4A50-8EC5-35F901CB0BF8}.Debug|Any CPU.Deploy.0 = Debug|Any CPU
		{86BF7BEA-6DC3-4A50-8EC5-35F901CB0BF8}.Release|Any CPU.ActiveCfg = Release|Any CPU
		{86BF7BEA-6DC3-4A50-8EC5-35F901CB0BF8}.Release|Any CPU.Build.0 = Release|Any CPU
		{86BF7BEA-6DC3-4A50-8EC5-35F901CB0BF8}.Release|Any CPU.Deploy.0 = Release|Any CPU
	EndGlobalSection
	GlobalSection(SolutionProperties) = preSolution
		HideSolutionNode = FALSE
	EndGlobalSection
EndGlobal
